{
  "schema_version": 1,
  "format": "JSON syntax, valid YAML 1.2; validated by infra/validate_upstreams.py",
  "components": {
    "core": {
      "enabled": true,
      "source": {"kind": "local", "path": ".", "version": "0.1.0"},
      "integration_status": "integrated",
      "verification": {"status": "passed", "evidence": {"path": "docs/ops/s09a-core-image-release.md", "sha256": "789130bb710e8870e0b9a40aa03de93298a4d22f531537e64c087921073233f3"}},
      "deployment": {"image": "ghcr.io/youweichen0208/youwei-core@sha256:7292c8538e70750ebbd3c278ebd8572563b342ca5593981c34fc8659b9bd0e3c", "bindings": [{"service": "core-api", "field": "image"}, {"service": "core-worker", "field": "image"}]},
      "notes": "S09a: Phase 1A Core image (API + Worker, one image, youwei-api / youwei-worker entrypoints). Published to GHCR ghcr.io/youweichen0208/youwei-core on 2026-10-02, digest sha256:7292c8538e70750ebbd3c278ebd8572563b342ca5593981c34fc8659b9bd0e3c. Image build/push/pull-by-digest verified (docs/ops/s09a-core-image-release.md); production runtime acceptance remains S09b/S09c."
    },
    "postgres": {
      "enabled": true,
      "source": {"kind": "image", "image": "postgres:16-alpine"},
      "integration_status": "integrated",
      "verification": {"status": "passed", "evidence": {"path": "docs/ops/s09a-core-image-release.md", "sha256": "789130bb710e8870e0b9a40aa03de93298a4d22f531537e64c087921073233f3"}},
      "deployment": {"image": "postgres:16-alpine@sha256:721873c34ceb9f8d8fc265984940dc982404c105f19ad51be9fdc5970a6080ea", "bindings": [{"service": "postgres", "field": "image"}]},
      "notes": "S09a: Phase 1A production PostgreSQL 16 (server 16.14), containerized on SG with a dedicated volume. Migration role (youwei_migrate, DDL) and app role (youwei_app, DML) are separated via infra/postgres/init/01-roles.sh. Digest is the current postgres:16-alpine digest (pinned in production compose)."
    },
    "hermes": {
      "enabled": false,
      "source": {
        "kind": "git",
        "url": "https://github.com/NousResearch/hermes-agent",
        "revision": "7fa45eb349a1a6f1eebc010b3fef0a9d996f386a"
      },
      "runtime": {"python": "3.14.7"},
      "integration_status": "not_integrated",
      "verification": {
        "status": "smoke_only",
        "evidence": {
          "path": "docs/research/s01-target-verification.md",
          "sha256": "f7052e9afc916e5cf305a165a4916df9515273e27327e06e7727a3b003e758c3"
        }
      },
      "deployment": {"image": null, "bindings": []},
      "notes": "Source installation smoke-tested. S07 adapter, isolation keys, research-v1 contract and offline/no-cost smoke are complete (see docs/IMPLEMENTATION_PLAN.md S07a-g); production integration, gateway wiring, image digest and deployment acceptance remain for S09. 2026-10-01: Hermes is the sole Agent framework for MVP; S08 is now the controlled quant exploration loop implemented with Hermes research/experiment instances (see docs/research/hermes-only-runtime-assessment.md). Headless agent-runtime image built on sg-prod (2026-10-01): manifest digest sha256:31b22113b2deee2476c94ddf290aa58f9b76c647742a60e5fd5f64cffa3dd02d (single-platform, no provenance), base python:3.14-slim@sha256:51dafde8..., uv 0.11.16@sha256:440fd647..., in-image no-cost smoke 5/5 passed (see docs/ops/agent-runtime-image-build.md). deployment.image stays null: digest is local, no registry yet. S07m (2026-10-01): research link switched to Ed25519 (research_capability.py); image rebuilt with cryptography 50.0.1 (Hermes uv.lock pins it transitively; Dockerfile VERIFIES the version rather than installing a second copy). New manifest digest sha256:998f060eb0f7fadaa1712e9540370a4dc1e79995b56f1a41a9c1f7b1e892f153 (tag youwei/agent-runtime:dev). In-image Ed25519 smoke 5/5 passed (valid-grant/wrong-tenant/missing-scope/bad-signature/expired). Restricted egress (gateway-only) and end-to-end Controller/Runner/container wiring remain for S07m-3c."
    },
    "pi": {
      "enabled": false,
      "source": {"kind": "npm", "package": "@earendil-works/pi-coding-agent", "version": "0.87.1"},
      "runtime": {"node_requirement": ">=22.19.0", "node_exact": null},
      "integration_status": "not_integrated",
      "verification": {
        "status": "smoke_only",
        "evidence": {
          "path": "docs/research/s01-target-verification.md",
          "sha256": "f7052e9afc916e5cf305a165a4916df9515273e27327e06e7727a3b003e758c3"
        }
      },
      "deployment": {"image": null, "bindings": []},
      "notes": "RPC get_state smoke passed. 2026-10-01: deferred for MVP (Hermes is the sole Agent framework); retained as a replaceable experiment-agent adapter candidate with version pin unchanged. Re-evaluate only if Hermes exposes a concrete gap, with a pre-registered comparison on the same task/model/tools/sandbox conditions. Package lock, exact Node/image digest and end-to-end authorization remain unverified and unaccepted."
    },
    "litellm": {
      "enabled": false,
      "source": {"kind": "pypi", "package": "litellm", "version": "1.102.1"},
      "runtime": {"python_exact": null},
      "integration_status": "not_integrated",
      "verification": {
        "status": "not_run",
        "evidence": {
          "path": "docs/research/llm-gateway-options.md",
          "sha256": "b2cc39aea6288bba8aa968264e7d6633593240f3f5786b408bb79d50e07a8e0b"
        }
      },
      "deployment": {"image": null, "bindings": []},
      "notes": "Version is a documented candidate. Prior main-stable image smoke does not prove this exact package version or deployable digest."
    },
    "openwebui": {
      "enabled": false,
      "source": {"kind": "git", "url": "https://github.com/open-webui/open-webui", "revision": null},
      "integration_status": "not_integrated",
      "verification": {"status": "not_run", "evidence": null},
      "deployment": {"image": null, "bindings": []},
      "notes": "S09 integration candidate; no version, image or deployment has been selected."
    },
    "openviking": {
      "enabled": false,
      "source": {"kind": "git", "url": "https://github.com/volcengine/OpenViking", "revision": null},
      "integration_status": "not_integrated",
      "verification": {"status": "not_run", "evidence": null},
      "deployment": {"image": null, "bindings": []},
      "notes": "Optional derived retrieval layer; no version, image or deployment has been selected."
    }
  }
}
