{
  "schema_version": 1,
  "format": "JSON syntax, valid YAML 1.2; validated by infra/validate_upstreams.py",
  "components": {
    "core": {
      "enabled": true,
      "source": {"kind": "local", "path": ".", "version": "0.1.0"},
      "integration_status": "integrated",
      "verification": {"status": "passed", "evidence": {"path": "docs/ops/wal-alert-fix-20261002.md", "sha256": "e6f984ab1e89ba8ba53365fc33e1c16a5324a1ee93f53528513f609b3871019f"}},
      "deployment": {"image": "ghcr.io/youweichen0208/youwei-core@sha256:54df4db578b05327dee233a962260599077a561a32a8ce9118b0086aa255dad4", "bindings": [{"service": "core-api", "field": "image"}, {"service": "core-worker", "field": "image"}]},
      "notes": "S09b (r2): Core image rebuilt with the 5 deployment fixes plus the Tiingo token-in-logs fix and pushed to GHCR on 2026-10-02, tag phase1a-s09b2, registry digest sha256:53631663f04096f3bcb19d4ee14d1c5598785f1bb39a12c75a736691d9cc1848 (OCI index). Evidence: docs/ops/s09b-production-launch.md. r3 (2026-10-02): WAL archive alert made backlog-driven (owner decision; the wall-clock rule fired forever on the idle production DB) — tag phase1a-r3, registry digest sha256:71d15917270c9eda7c8bcf5cc906c7e21222780eac23313bb188c7b09c33f2d6. Evidence: docs/ops/wal-alert-fix-20261002.md. r4 (2026-10-02): S10a dashboard read APIs (saved report/monthly reads, frozen-plan denominator + batch phases in campaign status, paginated case listing) — tag phase1a-r4, registry digest sha256:54df4db578b05327dee233a962260599077a561a32a8ce9118b0086aa255dad4, push + pull-by-digest verified, production rolled together with the youwei-dashboard proxy deployment (see the S10a section in docs/IMPLEMENTATION_PLAN.md). r1 sha256:55678d52..., r2 sha256:53631663..., r3 sha256:71d15917... retained in registry as history. Deployed compose copy on the host is path-adapted (./pgbackrest/... vs ../pgbackrest/... in-repo) — update it by field-level replacement only, never whole-file overwrite (see the incident note in the r3 evidence doc)."
    },
    "postgres": {
      "enabled": true,
      "source": {"kind": "local", "path": "infra/images", "version": "16.15.0-pgbr-2.59.2"},
      "integration_status": "integrated",
      "verification": {"status": "passed", "evidence": {"path": "docs/ops/s09c-postgres-image-release.md", "sha256": "4f7b071350de9a95fc0368f44f56198393549d3a379b062e35228f76edb781a2"}},
      "deployment": {"image": "ghcr.io/youweichen0208/youwei-postgres@sha256:8d69232c1d2b7771ae8f9dbb04cd56bbd6334972f37e90956f6a5bad05382053", "bindings": [{"service": "postgres", "field": "image"}]},
      "notes": "S09c: custom postgres image built in-repo (infra/images/postgres-pgbackrest.Dockerfile) from the pinned official postgres:16-alpine@sha256:721873c3... (server 16.15, musl; same base keeps libc/collation so PGDATA survives image swaps without dump/restore) plus pgBackRest 2.59.2 built from source and libbz2/xz-libs/yaml (alpine 3.24). Published to GHCR as youwei-postgres:phase1a-s09c, registry digest sha256:8d69232c... (pull-by-digest verified). In production since 2026-10-02 with archive_mode=on (archive_timeout=60), posix-repo backups (daily full at 11:15 UTC, retention 7, weekly check) and live wal_archive monitoring; backup/restore/PITR drill passed (docs/ops/s09c-ops-acceptance.md). Independent-failure-domain off-site copy pending the backup-target decision. Migration/app role separation via infra/postgres/init/01-roles.sh unchanged."
    },
    "hermes": {
      "enabled": false,
      "source": {
        "kind": "git",
        "url": "https://github.com/NousResearch/hermes-agent",
        "revision": "7fa45eb349a1a6f1eebc010b3fef0a9d996f386a"
      },
      "runtime": {"python": "3.14.7"},
      "integration_status": "integrated",
      "verification": {
        "status": "passed",
        "evidence": {
          "path": "docs/ops/s07-real-gateway-verification.md",
          "sha256": "1f33d08f32980f029152d6c0c84ac5973986896f1ab69acaa3413bf5370b3bcd"
        }
      },
      "deployment": {"image": null, "bindings": []},
      "notes": "Source installation smoke-tested. S07 adapter, isolation keys, research-v1 contract and offline/no-cost smoke are complete (see docs/IMPLEMENTATION_PLAN.md S07a-g); production integration, gateway wiring, image digest and deployment acceptance remain for S09. 2026-10-01: Hermes is the sole Agent framework for MVP; S08 is now the controlled quant exploration loop implemented with Hermes research/experiment instances (see docs/research/hermes-only-runtime-assessment.md). Headless agent-runtime image built on sg-prod (2026-10-01): manifest digest sha256:31b22113b2deee2476c94ddf290aa58f9b76c647742a60e5fd5f64cffa3dd02d (single-platform, no provenance), base python:3.14-slim@sha256:51dafde8..., uv 0.11.16@sha256:440fd647..., in-image no-cost smoke 5/5 passed (see docs/ops/agent-runtime-image-build.md). deployment.image stays null until the Phase 1B deployment decision, but the image is now published: ghcr.io/youweichen0208/youwei-agent-runtime:phase1a-s07, registry digest sha256:998f060eb0f7fadaa1712e9540370a4dc1e79995b56f1a41a9c1f7b1e892f153 (push + digest pull verified 2026-10-02). S07m (2026-10-01): research link switched to Ed25519 (research_capability.py); image rebuilt with cryptography 50.0.1 (Hermes uv.lock pins it transitively; Dockerfile VERIFIES the version rather than installing a second copy). New manifest digest sha256:998f060eb0f7fadaa1712e9540370a4dc1e79995b56f1a41a9c1f7b1e892f153 (tag youwei/agent-runtime:dev). In-image Ed25519 smoke 5/5 passed (valid-grant/wrong-tenant/missing-scope/bad-signature/expired). Restricted egress (gateway-only) and end-to-end Controller/Runner/container wiring remain for S07m-3c. S07m-3c completed 2026-10-01 (see docs/ops/agent-runtime-cross-container.md). Real-gateway verification completed 2026-10-02: research container -> LiteLLM -> Volcengine end-to-end over the youwei-research internal network (litellm attached with alias), synthetic evidence, glm-5.3 produced a contract-valid proposal; tool-surface escape attempts (tool_call bridge + direct non-enabled tool) both rejected; usage matched spend logs token-for-token; cancellation propagates; Runner timeout container-leak defect found and fixed. Verified image manifest digest sha256:bca0a5b9cecf5fdc2c1adfa4ac44dbe76a30be040f688f0ddf0cdd5ed9631f8a (includes brief response-format contract, config-injected model attribution, explicit output cap), republished to GHCR the same day as ghcr.io/youweichen0208/youwei-agent-runtime:phase1a-s07-r2 (registry digest == local manifest digest, push + imagetools inspect verified); the pre-fix digest sha256:998f060e... (tag phase1a-s07) remains as history. deployment.image stays null pending the Phase 1B deployment decision. Full matrix + defect list: docs/ops/s07-real-gateway-verification.md."
    },
    "pi": {
      "enabled": false,
      "source": {"kind": "npm", "package": "@earendil-works/pi-coding-agent", "version": "0.87.1"},
      "runtime": {"node_requirement": ">=22.19.0", "node_exact": null},
      "integration_status": "not_integrated",
      "verification": {
        "status": "smoke_only",
        "evidence": {
          "path": "docs/research/s01-target-verification.md",
          "sha256": "f7052e9afc916e5cf305a165a4916df9515273e27327e06e7727a3b003e758c3"
        }
      },
      "deployment": {"image": null, "bindings": []},
      "notes": "RPC get_state smoke passed. 2026-10-01: deferred for MVP (Hermes is the sole Agent framework); retained as a replaceable experiment-agent adapter candidate with version pin unchanged. Re-evaluate only if Hermes exposes a concrete gap, with a pre-registered comparison on the same task/model/tools/sandbox conditions. Package lock, exact Node/image digest and end-to-end authorization remain unverified and unaccepted."
    },
    "litellm": {
      "enabled": false,
      "source": {"kind": "pypi", "package": "litellm", "version": "1.102.1"},
      "runtime": {"python_exact": null},
      "integration_status": "integrated",
      "verification": {
        "status": "passed",
        "evidence": {
          "path": "docs/ops/chat-stack-deployment.md",
          "sha256": "9dc66afd5feaff766529e7133518079b7068d7985064c408c935b4ddaeb6090e"
        }
      },
      "deployment": {"image": "ghcr.io/berriai/litellm@sha256:f8043697479513b9ae6f3abac8e62d61b908cfd31541cc3c3c994e16a28d784e", "bindings": []},
      "notes": "Deployed 2026-10-02 in the youwei-chat stack (infra/compose/chat.json, sg-prod): OpenAI-compatible gateway over the Volcengine Anthropic-compatible endpoint (Bearer auth, S01-verified pattern), 5 models, spend logs in its own postgres, virtual-key isolation (chat key, no budget cap per owner decision). Real chat + streaming + usage verified (docs/ops/chat-stack-deployment.md). Stays enabled:false because the deployment validator covers the research production compose only. 2026-10-02 real-gateway verification (docs/ops/s07-real-gateway-verification.md): cancellation propagates (upstream terminated within seconds of client abort); fail-closed behavior is FAIL-OPEN for cached keys when the counter DB is unreachable; max_parallel_requests / rpm / tpm each enforced (TPM checks projected usage pre-admission); research chain reaches the gateway over the youwei-research internal network via a provisional docker-network attachment (declarative wiring is a Phase 1B decision). Cost map vs Volcengine billing remains unconfigured (observability only; budget dimension deleted 2026-09-30)."
    },
    "openwebui": {
      "enabled": false,
      "source": {"kind": "image", "image": "ghcr.io/open-webui/open-webui:v0.6.36"},
      "integration_status": "integrated",
      "verification": {
        "status": "passed",
        "evidence": {
          "path": "docs/ops/chat-stack-deployment.md",
          "sha256": "9dc66afd5feaff766529e7133518079b7068d7985064c408c935b4ddaeb6090e"
        }
      },
      "deployment": {"image": "ghcr.io/open-webui/open-webui@sha256:0b73f17a1e63c024ec6bb80a2c0d4a6d79dfd798a5b608531c52e340e6ef168f", "bindings": []},
      "notes": "Deployed 2026-10-02 as the owner's personal LLM chat UI in the youwei-chat stack (sg-prod, 127.0.0.1:8090, backed by the LiteLLM gateway). Public entry live since 2026-10-02: https://trading.youwei-agent.com (CN-ECS relay + SG TLS, both certs valid to 2026-12-31, systemd renewal active; SG vhost 403 for non-ECS sources). Owner account created; ENABLE_SIGNUP=False (signup endpoint 403 verified). This is the personal-chat use, distinct from the S09 evaluation-dashboard role (consume Core APIs) which remains unevaluated."
    },
    "openviking": {
      "enabled": false,
      "source": {"kind": "git", "url": "https://github.com/volcengine/OpenViking", "revision": null},
      "integration_status": "not_integrated",
      "verification": {"status": "not_run", "evidence": null},
      "deployment": {"image": null, "bindings": []},
      "notes": "Optional derived retrieval layer; no version, image or deployment has been selected."
    }
  }
}
