version = 1
revision = 3
requires-python = "==3.13.*"

[[package]]
name = "annotated-types"
version = "0.8.0"
source = { registry = "https://pypi.org/simple" }
sdist = { url = "https://files.pythonhosted.org/packages/5f/56/a8120250d128bed162cd73c76d45f6ef9991f3e068f62a8ee060afa3104a/annotated_types-0.8.0.tar.gz", hash = "sha256:13b2beaad985e05e2d6407ee4c4f35590b11f8d693a258a561055cac8f64cab7", size = 15893, upload-time = "2026-07-23T20:16:13.995Z" }
wheels = [
    { url = "https://files.pythonhosted.org/packages/99/91/8acff4f5e50511b911bbccb72b8628a49c68ce14148cd9f6431094859a90/annotated_types-0.8.0-py3-none-any.whl", hash = "sha256:f072f4d804ea359e4eaf198b1af7a8b0943881a87f31bb764f8bf219bb9419e0", size = 13427, upload-time = "2026-07-23T20:16:12.938Z" },
]

[[package]]
name = "anyio"
version = "4.15.1"
source = { registry = "https://pypi.org/simple" }
dependencies = [
    { name = "idna" },
    { name = "typing-extensions" },
]
sdist = { url = "https://files.pythonhosted.org/packages/a9/d2/f4d173e22df740bc37b1db102b386ba719b66e95b0f0d751f556b387e6d2/anyio-4.15.1.tar.gz", hash = "sha256:9f28306018cbd6d329e64a36d58256edff76dd996fe423bc957326e578b82a94", size = 276966, upload-time = "2026-09-05T10:42:39.44Z" }
wheels = [
    { url = "https://files.pythonhosted.org/packages/12/b8/4bd346e22b28902df4d651910f5242c28d84e4a5c2435ca5c3f797ed7e2e/anyio-4.15.1-py3-none-any.whl", hash = "sha256:6152fdbbf9a77fdec97731721bebf7c4c44f7c29b424b0065826173efc7ed101", size = 132079, upload-time = "2026-09-05T10:42:37.923Z" },
]

[[package]]
name = "cffi"
version = "2.1.1"
source = { registry = "https://pypi.org/simple" }
dependencies = [
    { name = "pycparser", marker = "implementation_name != 'PyPy'" },
]
sdist = { url = "https://files.pythonhosted.org/packages/9e/ef/008a1939e372c06329a3fce4279c02f328488f3526744906eeec3da7ad5f/cffi-2.1.1.tar.gz", hash = "sha256:dd31f52ea1086513bb9df30f8fcee9b8918323ae067a3d5b78bc826a000712be", size = 530807, upload-time = "2026-08-03T21:21:18.939Z" }
wheels = [
    { url = "https://files.pythonhosted.org/packages/9d/f4/035513d4117049066b4779dc3b7c0c0fdad175fa13731c9f4003f1cd1478/cffi-2.1.1-cp313-cp313-ios_13_0_arm64_iphoneos.whl", hash = "sha256:b5bdfd1c873d4e093aabc0ca84c4ca6dbc4f752afb5c86f146d9742580c9da2e", size = 194248, upload-time = "2026-08-03T21:19:59.399Z" },
    { url = "https://files.pythonhosted.org/packages/76/af/2aeb4dbb5fc41a04161ae9ff1518de7cec08e164f44a8ce6a4cf7fd2cd1d/cffi-2.1.1-cp313-cp313-ios_13_0_arm64_iphonesimulator.whl", hash = "sha256:31348097ff5bbe827ccc41795d4dd099d9f0625e7def00ee653c137a490c2a6c", size = 196908, upload-time = "2026-08-03T21:20:00.746Z" },
    { url = "https://files.pythonhosted.org/packages/a7/46/2e5fdde8555706dd98139a910ca11be02809f3f605ce956f655d0214e100/cffi-2.1.1-cp313-cp313-macosx_10_15_x86_64.whl", hash = "sha256:9d2055050ea716bd38b7f7f1579c275386646b4894c155a3e2f3cd62ed41b7c6", size = 184805, upload-time = "2026-08-03T21:20:02.02Z" },
    { url = "https://files.pythonhosted.org/packages/55/41/4c7042f317b9217502988f0873af87e16ad606dc20f84e546e3e6ce9764c/cffi-2.1.1-cp313-cp313-macosx_11_0_arm64.whl", hash = "sha256:19ee6127ee34de7d83ce3d371ebc5ed91addbdcc39f9ab15ce4eb35a4e534971", size = 184764, upload-time = "2026-08-03T21:20:03.141Z" },
    { url = "https://files.pythonhosted.org/packages/43/1f/1c3d90d91811c8f86ced9ed637956c54bfe5b79ca98fe976d7f8c8979f6b/cffi-2.1.1-cp313-cp313-manylinux1_i686.manylinux2014_i686.manylinux_2_17_i686.manylinux_2_5_i686.whl", hash = "sha256:6a8dddef476fab96d066d578fc88526767b836ab5ab21754e1d5bf3879c31c7c", size = 214722, upload-time = "2026-08-03T21:20:04.377Z" },
    { url = "https://files.pythonhosted.org/packages/37/6f/3b5ce4c3b2192d250f04908f2bfd91ef34552ec8f7716a5d4abdb8d67bb2/cffi-2.1.1-cp313-cp313-manylinux2014_aarch64.manylinux_2_17_aarch64.whl", hash = "sha256:f16c709686a78c727bbbf059f92b0bf41c6fc60deec706d2dc19f529175a6125", size = 222369, upload-time = "2026-08-03T21:20:05.544Z" },
    { url = "https://files.pythonhosted.org/packages/02/10/4b3c75dde3d9663c9e02ba05c2668b954f671d4bbe346413ca8c696b295a/cffi-2.1.1-cp313-cp313-manylinux2014_ppc64le.manylinux_2_17_ppc64le.whl", hash = "sha256:fcd22650c908d7b7da162bbfaab594a1227a15d1643a98c68b122ac642fa2264", size = 210175, upload-time = "2026-08-03T21:20:06.75Z" },
    { url = "https://files.pythonhosted.org/packages/df/62/14f74b9543e605d17701dc797b815958b8bb70b7624ce1b832ddad48ed6c/cffi-2.1.1-cp313-cp313-manylinux2014_s390x.manylinux_2_17_s390x.whl", hash = "sha256:aa9511c62d14da7aacc9b4bf51f3f697a621e83b2d6919008243c3aad168eea3", size = 208670, upload-time = "2026-08-03T21:20:08.04Z" },
    { url = "https://files.pythonhosted.org/packages/95/95/86342356ff5953b3fb06f7ef7c5bee212d45e770abc7218d451b9148313c/cffi-2.1.1-cp313-cp313-manylinux2014_x86_64.manylinux_2_17_x86_64.whl", hash = "sha256:a931079504ecc49efed7744c476a5c343a92fabf66dec2db95edb1b2fdc770e2", size = 221824, upload-time = "2026-08-03T21:20:09.274Z" },
    { url = "https://files.pythonhosted.org/packages/eb/ff/7b3429ff53aafe931ed8a5fc69f481bbef7ba6de87ddcbb63d08f483f613/cffi-2.1.1-cp313-cp313-musllinux_1_2_aarch64.whl", hash = "sha256:a2d7755bef5a12ed488f4ef1f1b69ee9191d7396083b755a5d2295f6edb4768b", size = 225148, upload-time = "2026-08-03T21:20:10.7Z" },
    { url = "https://files.pythonhosted.org/packages/34/34/a95870b9221e09cf4f2ce3178b1a210abdfe63a1bd357da940418d7b8d15/cffi-2.1.1-cp313-cp313-musllinux_1_2_x86_64.whl", hash = "sha256:e0bcb7e0f677f543555d2adff3bf19c05f66cdb4796e5ff602442ab2fe3c4ef7", size = 223564, upload-time = "2026-08-03T21:20:12.165Z" },
    { url = "https://files.pythonhosted.org/packages/70/ea/839b50531021a647fb5e929f72cf97bc1ff702b5472166164b5b6e76b851/cffi-2.1.1-cp313-cp313-win32.whl", hash = "sha256:334644fbac4eff73d985a17a91226df55d0f394160c4cfb880e084c8f7161cac", size = 175263, upload-time = "2026-08-03T21:20:13.559Z" },
    { url = "https://files.pythonhosted.org/packages/60/a6/8b149b2c3f2e11aaa1618ef64500b45f50f22c57a977a4dff1aff1f91042/cffi-2.1.1-cp313-cp313-win_amd64.whl", hash = "sha256:1aa5645c30469b09530c4ebca77ebf8f17618293c58f8549cb1a543a50236e7d", size = 185688, upload-time = "2026-08-03T21:20:14.69Z" },
    { url = "https://files.pythonhosted.org/packages/01/9a/11f687cb39d6a3504060d5242f04f48c735afb4d3d533958a20594890cb2/cffi-2.1.1-cp313-cp313-win_arm64.whl", hash = "sha256:63bbfd5ded17c4840ac07cd8f1c21ba9d9708141f840b324f422f41b207e3973", size = 180078, upload-time = "2026-08-03T21:20:15.917Z" },
]

[[package]]
name = "click"
version = "8.5.0"
source = { registry = "https://pypi.org/simple" }
sdist = { url = "https://files.pythonhosted.org/packages/c7/0e/7fa0ef50764b67090eca4114772a2abf8b6148198475e54c660b97caeee6/click-8.5.0.tar.gz", hash = "sha256:ba0d2089de75ea0310e2dde03160e6ca10009947fb95a182f9b54021bb272e34", size = 382235, upload-time = "2026-08-26T13:33:14.56Z" }
wheels = [
    { url = "https://files.pythonhosted.org/packages/58/50/6c0d534c5f134586a8e1ba4e330569e32f057e33372ae556463212fb4cd3/click-8.5.0-py3-none-any.whl", hash = "sha256:255bc9599cf7748b4b1a446ccc735421bd08a2ae529a8b88597d3de5664ee360", size = 125251, upload-time = "2026-08-26T13:33:12.928Z" },
]

[[package]]
name = "cryptography"
version = "50.0.2"
source = { registry = "https://pypi.org/simple" }
dependencies = [
    { name = "cffi", marker = "platform_python_implementation != 'PyPy'" },
]
sdist = { url = "https://files.pythonhosted.org/packages/9d/af/182eb91b0df3fe75c4d9f26fe70684569566745f6ba7e5c9c73a862c5252/cryptography-50.0.2.tar.gz", hash = "sha256:7b46165bb56eb4704e2eaaf86f3c940d19154535d9b0ca7d6d590b04060e00d5", size = 880623, upload-time = "2026-09-30T15:30:04.884Z" }
wheels = [
    { url = "https://files.pythonhosted.org/packages/e5/56/d194340cc4a57535e82e1bee9e89667ac4b7c13b5d3f59686deae3094dd5/cryptography-50.0.2-cp311-abi3-macosx_11_0_arm64.whl", hash = "sha256:fa8f5efb344d6908a1ce62f4a24e2e5780f825d6f53f5f50ec5ffacac72936cb", size = 3914904, upload-time = "2026-09-30T14:43:44.339Z" },
    { url = "https://files.pythonhosted.org/packages/d9/69/c9bd862c3bf43d6399c433caf002df16e2dffd4be49bdf515cda38038711/cryptography-50.0.2-cp311-abi3-manylinux2014_aarch64.manylinux_2_17_aarch64.whl", hash = "sha256:79def8d059362e7831389ed3be0ecdf58a89386e1271e35dd9f5af84e81bffd0", size = 4731146, upload-time = "2026-09-30T14:43:47.113Z" },
    { url = "https://files.pythonhosted.org/packages/21/69/64cef1f702bf6657e0cc186ed1a2891d50d29fb41586b254e1c07adea261/cryptography-50.0.2-cp311-abi3-manylinux2014_x86_64.manylinux_2_17_x86_64.whl", hash = "sha256:630ebfea3bf689d075f82316324ff7433dc447fe6bc1bfc76524b74b4a9567d2", size = 4719841, upload-time = "2026-09-30T14:43:49.01Z" },
    { url = "https://files.pythonhosted.org/packages/38/6b/61a3f8d8c5e1e49a6cddccafc4015cc1c0021360ab0acb4080e7a423644a/cryptography-50.0.2-cp311-abi3-manylinux_2_28_aarch64.whl", hash = "sha256:f9f6143a8c75945eb960d9eb98905a441394abfa24afaae239d514ffb2586480", size = 4738340, upload-time = "2026-09-30T14:43:50.932Z" },
    { url = "https://files.pythonhosted.org/packages/7b/2e/7212ca32fd43dc91f2f41db20160b268098874b4c9a0e7be94d6835f5b2e/cryptography-50.0.2-cp311-abi3-manylinux_2_28_ppc64le.whl", hash = "sha256:a582ab2ae1d34f67112cadc86702774c9ea4374df6bca6afe672817203c99134", size = 5367029, upload-time = "2026-09-30T14:43:52.911Z" },
    { url = "https://files.pythonhosted.org/packages/1a/f1/b474e930c4d910328780e3940da76f5aa5cbc48ce1fc14e44d239d9ea9db/cryptography-50.0.2-cp311-abi3-manylinux_2_28_x86_64.whl", hash = "sha256:4061c0079120205fb760c58acab6443e217307dcf05e3702cf970e0689972856", size = 4753050, upload-time = "2026-09-30T14:43:55.272Z" },
    { url = "https://files.pythonhosted.org/packages/7c/52/9af10e80ac16b0fcc2123f9cbd5e7afbd0fd5075bb7a607c592258a39cda/cryptography-50.0.2-cp311-abi3-manylinux_2_31_armv7l.whl", hash = "sha256:ac9ed99d81760c62fe89d5f0815cdfa1ba9a35141cf30f1c2d044f04b4803d2e", size = 4376724, upload-time = "2026-09-30T14:43:57.24Z" },
    { url = "https://files.pythonhosted.org/packages/71/37/6202e488cc1eb625ea110c292c6bda92823176e023f427d8d5660ce8d632/cryptography-50.0.2-cp311-abi3-manylinux_2_34_aarch64.whl", hash = "sha256:87e9ce85beb6b328ba370cc6e6aea483c92617b4c95b1d33a49297eb662bfb04", size = 4737859, upload-time = "2026-09-30T14:43:59.541Z" },
    { url = "https://files.pythonhosted.org/packages/8f/30/e86d7d518489b0ae2497091a35287abcb1a2ce4037837a34afbe9b1d6964/cryptography-50.0.2-cp311-abi3-manylinux_2_34_ppc64le.whl", hash = "sha256:f265528741e048bce55c3463ed721fb0aa45a5888d8add8cfeccb3035451bbdc", size = 5324103, upload-time = "2026-09-30T14:44:01.901Z" },
    { url = "https://files.pythonhosted.org/packages/d3/69/2c833a049475e0a3444e94c7d0aca0aa51d166374a449b09e92ac98138de/cryptography-50.0.2-cp311-abi3-manylinux_2_34_x86_64.whl", hash = "sha256:9dab55f57c74c3cad24c323bacbbd04be4705ba6eb0d92e920b1fc4837ed5079", size = 4752576, upload-time = "2026-09-30T14:44:04.545Z" },
    { url = "https://files.pythonhosted.org/packages/6c/5d/906970b83bbfc1f5bbfb677a143c181f2801f23b6a7204a3b47c42c97e65/cryptography-50.0.2-cp311-abi3-musllinux_1_2_aarch64.whl", hash = "sha256:25784ce8b9621c90c643efb9e1e2162ab3b0224cae446ad5e70e7fcb1ce18b51", size = 4870819, upload-time = "2026-09-30T14:44:06.884Z" },
    { url = "https://files.pythonhosted.org/packages/68/e3/f2298d3bb55e0c4a91841ec4d01b3f020ba8c5fbf15ccdcc6dcf03f97025/cryptography-50.0.2-cp311-abi3-musllinux_1_2_x86_64.whl", hash = "sha256:85d0d9a31b9098e98534226d5686b47264b95e62ce459dc2e62fdfc809f9fe93", size = 5030152, upload-time = "2026-09-30T14:44:09.443Z" },
    { url = "https://files.pythonhosted.org/packages/9a/4f/adfc442765721292fff86d314ce385d3249d22db42295c0dd057727b60f3/cryptography-50.0.2-cp311-abi3-win_amd64.whl", hash = "sha256:7afa5a6602a9f29af1f3a2965f831bae7c9d5d597b7cbb716d41ab3b7d89879c", size = 3824692, upload-time = "2026-09-30T14:44:11.671Z" },
    { url = "https://files.pythonhosted.org/packages/2d/49/93f6a6e7a87c9aa68d44d3e1cdb5fe8f60c90d5d2f46acae9a56892816b8/cryptography-50.0.2-cp315-abi3.abi3t-macosx_11_0_arm64.whl", hash = "sha256:edc3342adf8f697fc5f59c887a304356f147b397809440ed64e2fa6af2f50f37", size = 4133708, upload-time = "2026-09-30T14:44:41.807Z" },
    { url = "https://files.pythonhosted.org/packages/8c/75/32ac2a56243d778805c16ca6a32b8f74fb757df7e28d7ecb560afafb59cf/cryptography-50.0.2-cp315-abi3.abi3t-manylinux2014_aarch64.manylinux_2_17_aarch64.whl", hash = "sha256:d370b8d1dfcdf7130178137f6fbee6140774a1acc6cacefc4b42643ec11d0a3a", size = 4956267, upload-time = "2026-09-30T14:44:43.693Z" },
    { url = "https://files.pythonhosted.org/packages/aa/a4/2c8d734e43d97f0842ee9f1b7b4bfb3d0cf5e19edebf43c2afe6675c2320/cryptography-50.0.2-cp315-abi3.abi3t-manylinux2014_x86_64.manylinux_2_17_x86_64.whl", hash = "sha256:f2f9bd7f90c64fe89253f0a2c05e3c4856072660429ce8831b4235bf29403a67", size = 4966465, upload-time = "2026-09-30T14:44:45.769Z" },
    { url = "https://files.pythonhosted.org/packages/c2/58/ee288c829a6f41f6235ae9dd33d82fd19b45442b65b4c8a3da36963d9f7a/cryptography-50.0.2-cp315-abi3.abi3t-manylinux_2_28_aarch64.whl", hash = "sha256:e275096ea1e60cc595cda2836fd4a6c725d1125108b868be17f53684d164e2cc", size = 4959356, upload-time = "2026-09-30T14:44:48.211Z" },
    { url = "https://files.pythonhosted.org/packages/92/20/9ded6d51ddd9897f6b6e81fb9ebea7951d7cc5d6c890b0ed8abf77a51a80/cryptography-50.0.2-cp315-abi3.abi3t-manylinux_2_28_ppc64le.whl", hash = "sha256:b13478603dcd0a2479ff8e87e2c19a7d525734686fe3c49542472293a204212d", size = 5548822, upload-time = "2026-09-30T14:44:50.86Z" },
    { url = "https://files.pythonhosted.org/packages/02/a8/8df951850d6b31d2a00218f19e2b3f999523437ed7a819df7fa427942fca/cryptography-50.0.2-cp315-abi3.abi3t-manylinux_2_28_x86_64.whl", hash = "sha256:58a0c478eeca76fe5e07993c5a0703def34a6dc6a0cda4f5564639b33112ffe7", size = 5001199, upload-time = "2026-09-30T14:44:53.379Z" },
    { url = "https://files.pythonhosted.org/packages/8b/f9/36b3022218ce75b7cdf068fb95f809f9bd0d820e4955ef43b90c255cc7ac/cryptography-50.0.2-cp315-abi3.abi3t-manylinux_2_31_armv7l.whl", hash = "sha256:d38cdff612d06fa6a32840d5e1b1f7a27cee4a349aa9085d94a67789d6bfd408", size = 4629333, upload-time = "2026-09-30T14:44:55.635Z" },
    { url = "https://files.pythonhosted.org/packages/8c/72/20f99a219f6af47cdd1cbd978c243b92d71496e168a746138af44ded4f29/cryptography-50.0.2-cp315-abi3.abi3t-manylinux_2_34_aarch64.whl", hash = "sha256:fdd28f912fccfec1846a94e2e1e8f9b0012f557f0c46fe4f3eb0d7a87afcf90b", size = 4958822, upload-time = "2026-09-30T14:44:59.639Z" },
    { url = "https://files.pythonhosted.org/packages/f2/20/196f112617fb08eb4d608a2a6c422373d46f9cc2857f38fc0667033c0899/cryptography-50.0.2-cp315-abi3.abi3t-manylinux_2_34_ppc64le.whl", hash = "sha256:cbc8738fd8526d80f35cb3a40d41f41a2e7030bb3b18b09a6778ef63d291c2fd", size = 5506351, upload-time = "2026-09-30T14:45:02.267Z" },
    { url = "https://files.pythonhosted.org/packages/24/95/83378121ef3eaaaf71d4b781577ff794acb39b9e1b87a3f156898c8497ed/cryptography-50.0.2-cp315-abi3.abi3t-manylinux_2_34_x86_64.whl", hash = "sha256:e105ab60406787da31fccc883fc0f733af1efd78f0136a4599692c4083a73d0c", size = 5000859, upload-time = "2026-09-30T14:45:05.009Z" },
    { url = "https://files.pythonhosted.org/packages/22/f7/70fd7ae4d1dbfa7ba29b02e1b9068771519a86027756510b700ce81086a8/cryptography-50.0.2-cp315-abi3.abi3t-musllinux_1_2_aarch64.whl", hash = "sha256:6f8700550aa1474a91e5dc07049c46f98b423b5b1ddd0483e0b51362eeeaf5be", size = 5092151, upload-time = "2026-09-30T15:29:15.932Z" },
    { url = "https://files.pythonhosted.org/packages/d4/be/688367b74de86984bd58d8efacfc7c9e68b89a6a22ced0fb4f38db50254a/cryptography-50.0.2-cp315-abi3.abi3t-musllinux_1_2_x86_64.whl", hash = "sha256:c71be1cbfa5cd9a41ee452acf1eccd82b2c05950358b106ec8ceb83411d1a020", size = 5286120, upload-time = "2026-09-30T15:29:18.309Z" },
    { url = "https://files.pythonhosted.org/packages/39/d1/55f8a3f2ef5d1529e16835ef10cf0fe3d559ce237b46dddc440c0bba3649/cryptography-50.0.2-cp315-abi3.abi3t-win_amd64.whl", hash = "sha256:c423ab384a46c4dff7217b2ea5ba2e11cffdeab6441acd04cf65a369caf0366c", size = 4111557, upload-time = "2026-09-30T15:29:20.155Z" },
    { url = "https://files.pythonhosted.org/packages/23/ad/ac987755d00e1e64273760228d2635ae38dae2be83e3c6e0d3289d91dec3/cryptography-50.0.2-cp39-abi3-macosx_11_0_arm64.whl", hash = "sha256:0ec5f09541743261e66e291b4a0cbf0fb2997aeaab6d9e9c740b9dba1b58d1c2", size = 3943588, upload-time = "2026-09-30T15:29:22.265Z" },
    { url = "https://files.pythonhosted.org/packages/d5/8d/6d585339bedf85d45044c85d8412dac53f2bb6f918e8b7777efba1787844/cryptography-50.0.2-cp39-abi3-manylinux2014_aarch64.manylinux_2_17_aarch64.whl", hash = "sha256:c5e67125c7dca78d199ec4e116aa93dbb83494808ecbb8211a2cb09b1bf41dbd", size = 4756166, upload-time = "2026-09-30T15:29:24.58Z" },
    { url = "https://files.pythonhosted.org/packages/bf/f1/1c1f6874e8550cfddd4b688ceb38cefb6ed15ceed224d56f133f3d88c214/cryptography-50.0.2-cp39-abi3-manylinux2014_x86_64.manylinux_2_17_x86_64.whl", hash = "sha256:ee247f5c245c9a2fe7c8e2214e295918838e44e00a45a6718451e4004219e767", size = 4749145, upload-time = "2026-09-30T15:29:26.807Z" },
    { url = "https://files.pythonhosted.org/packages/c1/63/61b15dc1a8de03fe0adbe3fd7608b3ad5c73bf50993bbcb1faaa930afe33/cryptography-50.0.2-cp39-abi3-manylinux_2_28_aarch64.whl", hash = "sha256:dfe9763530994147d9af1def057a5b9658b00e8f8fe8743d144d1e0911c2e454", size = 4763638, upload-time = "2026-09-30T15:29:28.588Z" },
    { url = "https://files.pythonhosted.org/packages/fc/35/b345bdfa40c9126df1a9d33236aa98418367931b8725f84fc3ae2b98dc59/cryptography-50.0.2-cp39-abi3-manylinux_2_28_ppc64le.whl", hash = "sha256:58ddb5a8e3179d12f19e4ea34d2d32e9d63a4baa142c875c1eb59f41b7243acd", size = 5382217, upload-time = "2026-09-30T15:29:30.589Z" },
    { url = "https://files.pythonhosted.org/packages/4f/87/ef344a9e616871f2519c22d6afcda79ddd5d35e9592d95eb6e677608d055/cryptography-50.0.2-cp39-abi3-manylinux_2_28_x86_64.whl", hash = "sha256:f21e8a22c8605750c7af886bab299a363721264061b4ac0a30efb73cfd58efc5", size = 4781387, upload-time = "2026-09-30T15:29:32.605Z" },
    { url = "https://files.pythonhosted.org/packages/90/5b/f2fdb13cd0b96f6f932c8627bb292a45f11c64d21620a8e120aee9a3b848/cryptography-50.0.2-cp39-abi3-manylinux_2_31_armv7l.whl", hash = "sha256:9c8402a82ea0dc4ceeab793db05f0fafa8ca139ca34fcde5df0f596103c74107", size = 4403790, upload-time = "2026-09-30T15:29:34.374Z" },
    { url = "https://files.pythonhosted.org/packages/bc/ce/7e4f662b1e3c393513569e402cfc85ac7da0bd3d5435e122a3140219eb2d/cryptography-50.0.2-cp39-abi3-manylinux_2_34_aarch64.whl", hash = "sha256:0ddc924c04591c2811ca024d62ecad4f7f6f08af8939c211438f48a16bd23602", size = 4764319, upload-time = "2026-09-30T15:29:36.149Z" },
    { url = "https://files.pythonhosted.org/packages/3c/3f/86ff33ce34cc0de6847fb96e035a1a760d81652e38643f617c02ad32ef7a/cryptography-50.0.2-cp39-abi3-manylinux_2_34_ppc64le.whl", hash = "sha256:a6557e5f38e065ca9fbdaf7cfc7435ecb1d113aa81a022d1b51921ee7432e227", size = 5338560, upload-time = "2026-09-30T15:29:39.053Z" },
    { url = "https://files.pythonhosted.org/packages/40/cf/6b5c8e2fd9202d98988ab7cb5cc5c991704c4ad55f492ff408e4969f83f1/cryptography-50.0.2-cp39-abi3-manylinux_2_34_x86_64.whl", hash = "sha256:1981f1db4630889b9ef7803fadef12b056f428cb6b85c27ba57b774793b6093c", size = 4780973, upload-time = "2026-09-30T15:29:41.251Z" },
    { url = "https://files.pythonhosted.org/packages/10/bf/8d6ebc7dded797bd0f0160d52188021211f011a2b164ef0ae1dac4587465/cryptography-50.0.2-cp39-abi3-musllinux_1_2_aarch64.whl", hash = "sha256:7a8701d6b584d76e909e3d305b7d126b41439876a5aaf76cddc67fc230eafa2e", size = 4897738, upload-time = "2026-09-30T15:29:43.106Z" },
    { url = "https://files.pythonhosted.org/packages/d4/aa/f3f6e0de7e6253b8baa8b2d8fb9d50924fa75cee3d4624bd4bc1208ee923/cryptography-50.0.2-cp39-abi3-musllinux_1_2_x86_64.whl", hash = "sha256:ce47f66801c20ec6c6632453bb5960fe38939e9306970b48b3a5a26de7745d94", size = 5058280, upload-time = "2026-09-30T15:29:44.827Z" },
    { url = "https://files.pythonhosted.org/packages/f6/b6/a1faf3a27ae9405fb34b1713cc73b2d8a26b04d5c561578fa2e6ef3e5bb9/cryptography-50.0.2-cp39-abi3-win_amd64.whl", hash = "sha256:4e81d95e5bafc2d6e34e4bed780e53e4d5b9a2f928573428aa4d35fbec1eb0de", size = 3854095, upload-time = "2026-09-30T15:29:46.782Z" },
]

[[package]]
name = "fastapi"
version = "0.115.14"
source = { registry = "https://pypi.org/simple" }
dependencies = [
    { name = "pydantic" },
    { name = "starlette" },
    { name = "typing-extensions" },
]
sdist = { url = "https://files.pythonhosted.org/packages/ca/53/8c38a874844a8b0fa10dd8adf3836ac154082cf88d3f22b544e9ceea0a15/fastapi-0.115.14.tar.gz", hash = "sha256:b1de15cdc1c499a4da47914db35d0e4ef8f1ce62b624e94e0e5824421df99739", size = 296263, upload-time = "2025-06-26T15:29:08.21Z" }
wheels = [
    { url = "https://files.pythonhosted.org/packages/53/50/b1222562c6d270fea83e9c9075b8e8600b8479150a18e4516a6138b980d1/fastapi-0.115.14-py3-none-any.whl", hash = "sha256:6c0c8bf9420bd58f565e585036d971872472b4f7d3f6c73b698e10cffdefb3ca", size = 95514, upload-time = "2025-06-26T15:29:06.49Z" },
]

[[package]]
name = "h11"
version = "0.16.0"
source = { registry = "https://pypi.org/simple" }
sdist = { url = "https://files.pythonhosted.org/packages/01/ee/02a2c011bdab74c6fb3c75474d40b3052059d95df7e73351460c8588d963/h11-0.16.0.tar.gz", hash = "sha256:4e35b956cf45792e4caa5885e69fba00bdbc6ffafbfa020300e549b208ee5ff1", size = 101250, upload-time = "2025-04-24T03:35:25.427Z" }
wheels = [
    { url = "https://files.pythonhosted.org/packages/04/4b/29cac41a4d98d144bf5f6d33995617b185d14b22401f75ca86f384e87ff1/h11-0.16.0-py3-none-any.whl", hash = "sha256:63cf8bbe7522de3bf65932fda1d9c2772064ffb3dae62d55932da54b31cb6c86", size = 37515, upload-time = "2025-04-24T03:35:24.344Z" },
]

[[package]]
name = "idna"
version = "3.20"
source = { registry = "https://pypi.org/simple" }
sdist = { url = "https://files.pythonhosted.org/packages/f5/08/8eea9d4b8302028f3abb2c0813953f7aec26d33b7a8960ed760e65ff29fa/idna-3.20.tar.gz", hash = "sha256:a7db850025b95ded1eae8a46181a1a6c56c92c96f0e2b005d9ff8dc0210cab44", size = 216463, upload-time = "2026-09-17T14:11:04.752Z" }
wheels = [
    { url = "https://files.pythonhosted.org/packages/58/a2/bb081bab032533a855d44de1d56f8e8426114ff1ba5d1f07a438a0a654f8/idna-3.20-py3-none-any.whl", hash = "sha256:ab7ae7122974553370f0bdb919e1a960b2cd1bc1ef0276416d896db81c14582c", size = 69583, upload-time = "2026-09-17T14:11:03.168Z" },
]

[[package]]
name = "pycparser"
version = "3.0"
source = { registry = "https://pypi.org/simple" }
sdist = { url = "https://files.pythonhosted.org/packages/1b/7d/92392ff7815c21062bea51aa7b87d45576f649f16458d78b7cf94b9ab2e6/pycparser-3.0.tar.gz", hash = "sha256:600f49d217304a5902ac3c37e1281c9fe94e4d0489de643a9504c5cdfdfc6b29", size = 103492, upload-time = "2026-01-21T14:26:51.89Z" }
wheels = [
    { url = "https://files.pythonhosted.org/packages/0c/c3/44f3fbbfa403ea2a7c779186dc20772604442dde72947e7d01069cbe98e3/pycparser-3.0-py3-none-any.whl", hash = "sha256:b727414169a36b7d524c1c3e31839a521725078d7b2ff038656844266160a992", size = 48172, upload-time = "2026-01-21T14:26:50.693Z" },
]

[[package]]
name = "pydantic"
version = "2.13.5"
source = { registry = "https://pypi.org/simple" }
dependencies = [
    { name = "annotated-types" },
    { name = "pydantic-core" },
    { name = "typing-extensions" },
    { name = "typing-inspection" },
]
sdist = { url = "https://files.pythonhosted.org/packages/53/ef/fc4f868f4e2cee79f863883abffceff107875f569b848507319842d2a681/pydantic-2.13.5.tar.gz", hash = "sha256:51a9c5f7b2f8e636f04c6cada605d9b6a3bf1348fdf945a3d8869b19bba0ee08", size = 845750, upload-time = "2026-08-28T14:04:00.916Z" }
wheels = [
    { url = "https://files.pythonhosted.org/packages/eb/47/c95ffc2009878c7aac0c5e08528022dcb885933252a88b5f170058014464/pydantic-2.13.5-py3-none-any.whl", hash = "sha256:346a034f080da3755d8e9cb5e00e8b07de1d39e4f6e2c87d8ab7cafa0b269a73", size = 472589, upload-time = "2026-08-28T14:03:59.136Z" },
]

[[package]]
name = "pydantic-core"
version = "2.46.5"
source = { registry = "https://pypi.org/simple" }
dependencies = [
    { name = "typing-extensions" },
]
sdist = { url = "https://files.pythonhosted.org/packages/af/f9/8a06bea35ef8daf588f707784c973a7046e0034c8d8cfb08828eeffb8b75/pydantic_core-2.46.5.tar.gz", hash = "sha256:10416c15b8839ecc4ef4d0885da76da6fd0f67333a0eb8aff6d93c4b8f2910fc", size = 472262, upload-time = "2026-08-28T10:01:31.677Z" }
wheels = [
    { url = "https://files.pythonhosted.org/packages/f5/37/5abe39a8372a61d3dc3c1338fc504281c01b32fdb3169cd7187153b56d3e/pydantic_core-2.46.5-cp313-cp313-macosx_10_12_x86_64.whl", hash = "sha256:b7ca9034437b6022f941f4857459562ee00a560b97e7cce8a0ec5a74fc6766e0", size = 2075885, upload-time = "2026-08-28T09:58:47.856Z" },
    { url = "https://files.pythonhosted.org/packages/21/43/6323b1f8b217780454c61304bcd2b38ae4762f50754414124603ccc90bb2/pydantic_core-2.46.5-cp313-cp313-macosx_11_0_arm64.whl", hash = "sha256:f332f0e72a5a0400141f830744e141bf9f97917878dbe968669e8a7fefea78ff", size = 1922768, upload-time = "2026-08-28T09:58:49.58Z" },
    { url = "https://files.pythonhosted.org/packages/0f/a3/c05ca796e1197618a774b01e596aeedfefc2f7d8c01ae3054e910b120e8a/pydantic_core-2.46.5-cp313-cp313-manylinux_2_17_aarch64.manylinux2014_aarch64.whl", hash = "sha256:193375f3548919d3f0b60936ca113ada3e38f264f91b9b8e0508efaad57be931", size = 1951241, upload-time = "2026-08-28T09:58:51.511Z" },
    { url = "https://files.pythonhosted.org/packages/68/32/33bc39ac705c52cffc908e8389f9754fdb208aea5c69cceddf4eb3ce99af/pydantic_core-2.46.5-cp313-cp313-manylinux_2_17_armv7l.manylinux2014_armv7l.whl", hash = "sha256:79bdfa52f843137045b2d081cc05c120ba6665d29b7559c2c47690906f39279f", size = 2031975, upload-time = "2026-08-28T09:58:53.166Z" },
    { url = "https://files.pythonhosted.org/packages/b0/70/2333e885c0f6a67bc105c5916965dac9b57f2718ee20d81d1a06a4ebdc13/pydantic_core-2.46.5-cp313-cp313-manylinux_2_17_ppc64le.manylinux2014_ppc64le.whl", hash = "sha256:24922243639cbdac66c75fcb6fd6495a9cb52b213d62f9a0d16f0310b1ff8038", size = 2208542, upload-time = "2026-08-28T09:58:55.017Z" },
    { url = "https://files.pythonhosted.org/packages/f7/ea/296debfb4264207bbda5936133892e027c0a58875ad53ebd512fba8ec3a2/pydantic_core-2.46.5-cp313-cp313-manylinux_2_17_s390x.manylinux2014_s390x.whl", hash = "sha256:c76fe65e607be28c7fd4d56fc3c42b1583aa058ce3408b7ad0fd540171d31f9f", size = 2264692, upload-time = "2026-08-28T09:58:56.767Z" },
    { url = "https://files.pythonhosted.org/packages/d3/f2/9e4de77a6271e07a76d2d58b11c091a979c191ed2939bf80067568b369d2/pydantic_core-2.46.5-cp313-cp313-manylinux_2_17_x86_64.manylinux2014_x86_64.whl", hash = "sha256:6f7b393a8b3da82f5c1fc0751e6d01ac6c55b93c18226a60bdfba4a724efafd1", size = 2066633, upload-time = "2026-08-28T09:58:58.531Z" },
    { url = "https://files.pythonhosted.org/packages/8d/db/f9e9d0c97445987b2084823d5c240de88087338f04fc2cfaa2df186b8049/pydantic_core-2.46.5-cp313-cp313-manylinux_2_31_riscv64.whl", hash = "sha256:7ac031912d54f3d83ef3b3eb98dfabc1608802e2202263d25957eeed40b94761", size = 2105235, upload-time = "2026-08-28T09:59:00.421Z" },
    { url = "https://files.pythonhosted.org/packages/07/c5/79169b047b3b2c3e99e04bc76372af9637e0bf6db638274fa927df96369e/pydantic_core-2.46.5-cp313-cp313-manylinux_2_5_i686.manylinux1_i686.whl", hash = "sha256:837b396ca3d7b74091ca623f6cbd8351bd42d670a79c2683e79fb089f06a2de5", size = 2157367, upload-time = "2026-08-28T09:59:02.442Z" },
    { url = "https://files.pythonhosted.org/packages/26/b5/ba6057afb7c291bd449f51b867f95aef2072941c4ce4e5c31d6ffd132d3b/pydantic_core-2.46.5-cp313-cp313-musllinux_1_1_aarch64.whl", hash = "sha256:5ee239d575f80b08eca11f6e20f90c4c695de7825c67eefe6091fbf20dda648e", size = 2158420, upload-time = "2026-08-28T09:59:04.2Z" },
    { url = "https://files.pythonhosted.org/packages/6e/28/2057abecaafdc22912afa819603a51f0a62d40643b7c4871c51721fea9be/pydantic_core-2.46.5-cp313-cp313-musllinux_1_1_armv7l.whl", hash = "sha256:e80675d75ae2cd14372cb65cad5400d9347a3d3f6c13000183f22dfd027283ed", size = 2309588, upload-time = "2026-08-28T09:59:06.048Z" },
    { url = "https://files.pythonhosted.org/packages/71/9d/881156dc404e27479c4246128d73538464cab4a239bec61995e227644c30/pydantic_core-2.46.5-cp313-cp313-musllinux_1_1_x86_64.whl", hash = "sha256:9c4b71f10dd532fb7a5cbc8f58707779e64f03a258c2bf8bfbaecfcd9970b519", size = 2341866, upload-time = "2026-08-28T09:59:08.539Z" },
    { url = "https://files.pythonhosted.org/packages/5a/38/d66f443a259f84d13babdceae568e572b0ed26da17ca5d0a649ebb110a67/pydantic_core-2.46.5-cp313-cp313-win32.whl", hash = "sha256:97bf8de4d541598c94a59344eeb988a94c08ff76b5723c41f6567ec18c7892ea", size = 1938580, upload-time = "2026-08-28T09:59:10.402Z" },
    { url = "https://files.pythonhosted.org/packages/2c/1e/1d5371213f4cc9a7ed70c0bfcc7911de22311ee99a662a56077d7292d2ac/pydantic_core-2.46.5-cp313-cp313-win_amd64.whl", hash = "sha256:15f4a94963c95accac15b7b657bb177d3ad82bb90b0d0526d9a9b85079925db5", size = 2041980, upload-time = "2026-08-28T09:59:12.396Z" },
    { url = "https://files.pythonhosted.org/packages/5a/48/4222d90b1c67568bace4dec6dca6271449c66de3595d72b6d098f5fde597/pydantic_core-2.46.5-cp313-cp313-win_arm64.whl", hash = "sha256:d22a945598fb91236b4dd793a6e42e4f3dd7740bb5aace5ebd7d4c08d13bb575", size = 1997213, upload-time = "2026-08-28T09:59:14.245Z" },
]

[[package]]
name = "pydantic-settings"
version = "2.15.0"
source = { registry = "https://pypi.org/simple" }
dependencies = [
    { name = "pydantic" },
    { name = "python-dotenv" },
    { name = "typing-inspection" },
]
sdist = { url = "https://files.pythonhosted.org/packages/68/ca/31c57507b13119d7d3cfa1576dad2911a4861e3be07b579395f4e9d393f9/pydantic_settings-2.15.0.tar.gz", hash = "sha256:694b793e84f766ba76a90ebdefc01d0a9a045dab0382bee70393da93712ad117", size = 261253, upload-time = "2026-08-07T09:24:57.419Z" }
wheels = [
    { url = "https://files.pythonhosted.org/packages/30/a4/2bffa9f8e804325a09867f0e9d30795c80ea9f8d62560bd1b6ad6220eb2f/pydantic_settings-2.15.0-py3-none-any.whl", hash = "sha256:0ba092c291c94baceb5eff768aa0d56400a457585bc0175925a5a5510303da42", size = 69413, upload-time = "2026-08-07T09:24:55.839Z" },
]

[[package]]
name = "python-dotenv"
version = "1.2.3"
source = { registry = "https://pypi.org/simple" }
sdist = { url = "https://files.pythonhosted.org/packages/6a/53/ed9d74092561d4b01a2ef1349d52cdbc135e526c245f366b089cfca6de49/python_dotenv-1.2.3.tar.gz", hash = "sha256:a20a594dabeaa385725aa239d5244871c143ecb356add8a20fcf23773a6c3a35", size = 58945, upload-time = "2026-08-16T16:54:54.067Z" }
wheels = [
    { url = "https://files.pythonhosted.org/packages/0d/17/c5c6b53ddc18f297992099b3d9ec16c855c0ccc83263a21fe4d1c625ec6c/python_dotenv-1.2.3-py3-none-any.whl", hash = "sha256:904552145e8bfed22162c09dab1c2b9b54fefa7b23ba780f4f26ca0316b0f0d9", size = 22780, upload-time = "2026-08-16T16:54:52.473Z" },
]

[[package]]
name = "starlette"
version = "0.46.2"
source = { registry = "https://pypi.org/simple" }
dependencies = [
    { name = "anyio" },
]
sdist = { url = "https://files.pythonhosted.org/packages/ce/20/08dfcd9c983f6a6f4a1000d934b9e6d626cff8d2eeb77a89a68eef20a2b7/starlette-0.46.2.tar.gz", hash = "sha256:7f7361f34eed179294600af672f565727419830b54b7b084efe44bb82d2fccd5", size = 2580846, upload-time = "2025-04-13T13:56:17.942Z" }
wheels = [
    { url = "https://files.pythonhosted.org/packages/8b/0c/9d30a4ebeb6db2b25a841afbb80f6ef9a854fc3b41be131d249a977b4959/starlette-0.46.2-py3-none-any.whl", hash = "sha256:595633ce89f8ffa71a015caed34a5b2dc1c0cdb3f0f1fbd1e69339cf2abeec35", size = 72037, upload-time = "2025-04-13T13:56:16.21Z" },
]

[[package]]
name = "typing-extensions"
version = "4.16.0"
source = { registry = "https://pypi.org/simple" }
sdist = { url = "https://files.pythonhosted.org/packages/f6/cc/6253133b5bb138fc3306cebfbda2c520f545d36b5be2c7255cc528bb45d6/typing_extensions-4.16.0.tar.gz", hash = "sha256:dc983d19a509c94dba722ee6abd33940f7c05a89e243c47e907eb4db6f1a43e5", size = 113555, upload-time = "2026-07-02T08:40:05.92Z" }
wheels = [
    { url = "https://files.pythonhosted.org/packages/49/d3/b8441a820a491ddfc024b0b0cf0393375b75ea13866d9c66727e54c2fc80/typing_extensions-4.16.0-py3-none-any.whl", hash = "sha256:481caa481374e813c1b176ada14e97f1f67a4539ce9cfeb3f350d78d6370c2e8", size = 45571, upload-time = "2026-07-02T08:40:04.659Z" },
]

[[package]]
name = "typing-inspection"
version = "0.4.4"
source = { registry = "https://pypi.org/simple" }
dependencies = [
    { name = "typing-extensions" },
]
sdist = { url = "https://files.pythonhosted.org/packages/a3/26/b09b8010994eccc3c09092e6b34058f36a460eea2d4c3e8b910c695975a0/typing_inspection-0.4.4.tar.gz", hash = "sha256:547274fa6b0a561ccf549cc9524b999a578e737d015d8709d021f9d0d13bea47", size = 76928, upload-time = "2026-08-12T12:37:25.997Z" }
wheels = [
    { url = "https://files.pythonhosted.org/packages/67/81/4add07e5172b7ac40d8ed5ff580409a7801a4fe26d529bdd915401dabfbe/typing_inspection-0.4.4-py3-none-any.whl", hash = "sha256:65b8397ba37ccbce054456aaccddfc91e6e3083c92824df348d96ca832f3f147", size = 14750, upload-time = "2026-08-12T12:37:24.648Z" },
]

[[package]]
name = "uvicorn"
version = "0.33.0"
source = { registry = "https://pypi.org/simple" }
dependencies = [
    { name = "click" },
    { name = "h11" },
]
sdist = { url = "https://files.pythonhosted.org/packages/cb/81/a083ae41716b00df56d45d4b5f6ca8e90fc233a62e6c04ab3ad3c476b6c4/uvicorn-0.33.0.tar.gz", hash = "sha256:3577119f82b7091cf4d3d4177bfda0bae4723ed92ab1439e8d779de880c9cc59", size = 76590, upload-time = "2024-12-14T11:14:46.526Z" }
wheels = [
    { url = "https://files.pythonhosted.org/packages/98/79/2e2620337ef1e4ef7a058b351603b765f59ac28e6e3ac7c5e7cdee9ea1ab/uvicorn-0.33.0-py3-none-any.whl", hash = "sha256:2c30de4aeea83661a520abab179b24084a0019c0c1bbe137e5409f741cbde5f8", size = 62297, upload-time = "2024-12-14T11:14:43.408Z" },
]

[[package]]
name = "youwei-contracts"
version = "0.1.0"
source = { editable = "../../contracts" }
dependencies = [
    { name = "pydantic" },
]

[package.optional-dependencies]
signing = [
    { name = "cryptography" },
]

[package.metadata]
requires-dist = [
    { name = "cryptography", marker = "extra == 'signing'", specifier = ">=44,<51" },
    { name = "pydantic", specifier = ">=2.10,<3" },
]
provides-extras = ["signing"]

[[package]]
name = "youwei-runner"
version = "0.1.0"
source = { editable = "." }
dependencies = [
    { name = "fastapi" },
    { name = "pydantic-settings" },
    { name = "uvicorn" },
    { name = "youwei-contracts", extra = ["signing"] },
]

[package.metadata]
requires-dist = [
    { name = "fastapi", specifier = ">=0.115,<0.116" },
    { name = "pydantic-settings", specifier = ">=2.7,<3" },
    { name = "uvicorn", specifier = ">=0.32,<0.34" },
    { name = "youwei-contracts", extras = ["signing"], editable = "../../contracts" },
]
